
Microsoft Visual Studio Solution File, Format Version 12.00
# Visual Studio Version 17
VisualStudioVersion = 17.14.36408.4
MinimumVisualStudioVersion = 10.0.40219.1
Project("{888888A0-9F3D-457C-B088-3A5042F75D52}") = "Subtitle Sync Assistant", "PythonApplication3\Subtitle Sync Assistant.pyproj", "{86660DDA-504F-48AD-988B-78E087F5BACD}"
EndProject
Global
	GlobalSection(SolutionConfigurationPlatforms) = preSolution
		Debug|Any CPU = Debug|Any CPU
		Release|Any CPU = Release|Any CPU
	EndGlobalSection
	GlobalSection(ProjectConfigurationPlatforms) = postSolution
		{86660DDA-504F-48AD-988B-78E087F5BACD}.Debug|Any CPU.ActiveCfg = Debug|Any CPU
		{86660DDA-504F-48AD-988B-78E087F5BACD}.Release|Any CPU.ActiveCfg = Release|Any CPU
	EndGlobalSection
	GlobalSection(SolutionProperties) = preSolution
		HideSolutionNode = FALSE
	EndGlobalSection
	GlobalSection(ExtensibilityGlobals) = postSolution
		SolutionGuid = {5DB69601-23B4-4366-8845-3E10575657EA}
	EndGlobalSection
EndGlobal
